
Microsoft Visual Studio Solution File, Format Version 12.00
# Visual Studio 15
VisualStudioVersion = 15.0.28307.168
MinimumVisualStudioVersion = 10.0.40219.1
Project("{FAE04EC0-301F-11D3-BF4B-00C04F79EFBC}") = "WalletWebApi", "WalletWebApi\WalletWebApi.csproj", "{AA0C9B09-0CEC-45BC-A2B0-8641CEC11F0C}"
EndProject
Project("{FAE04EC0-301F-11D3-BF4B-00C04F79EFBC}") = "WalletWebApi.Tests", "WalletWebApi.Tests\WalletWebApi.Tests.csproj", "{7803670E-9272-421F-BE84-452EAEDFDC87}"
EndProject
Project("{FAE04EC0-301F-11D3-BF4B-00C04F79EFBC}") = "Datos", "Datos\Datos.csproj", "{AF83F41D-88DC-4882-AF52-122F456DE4FE}"
EndProject
Global
	GlobalSection(SolutionConfigurationPlatforms) = preSolution
		Debug|Any CPU = Debug|Any CPU
		Release|Any CPU = Release|Any CPU
	EndGlobalSection
	GlobalSection(ProjectConfigurationPlatforms) = postSolution
		{AA0C9B09-0CEC-45BC-A2B0-8641CEC11F0C}.Debug|Any CPU.ActiveCfg = Debug|Any CPU
		{AA0C9B09-0CEC-45BC-A2B0-8641CEC11F0C}.Debug|Any CPU.Build.0 = Debug|Any CPU
		{AA0C9B09-0CEC-45BC-A2B0-8641CEC11F0C}.Release|Any CPU.ActiveCfg = Release|Any CPU
		{AA0C9B09-0CEC-45BC-A2B0-8641CEC11F0C}.Release|Any CPU.Build.0 = Release|Any CPU
		{7803670E-9272-421F-BE84-452EAEDFDC87}.Debug|Any CPU.ActiveCfg = Debug|Any CPU
		{7803670E-9272-421F-BE84-452EAEDFDC87}.Debug|Any CPU.Build.0 = Debug|Any CPU
		{7803670E-9272-421F-BE84-452EAEDFDC87}.Release|Any CPU.ActiveCfg = Release|Any CPU
		{7803670E-9272-421F-BE84-452EAEDFDC87}.Release|Any CPU.Build.0 = Release|Any CPU
		{AF83F41D-88DC-4882-AF52-122F456DE4FE}.Debug|Any CPU.ActiveCfg = Debug|Any CPU
		{AF83F41D-88DC-4882-AF52-122F456DE4FE}.Debug|Any CPU.Build.0 = Debug|Any CPU
		{AF83F41D-88DC-4882-AF52-122F456DE4FE}.Release|Any CPU.ActiveCfg = Release|Any CPU
		{AF83F41D-88DC-4882-AF52-122F456DE4FE}.Release|Any CPU.Build.0 = Release|Any CPU
	EndGlobalSection
	GlobalSection(SolutionProperties) = preSolution
		HideSolutionNode = FALSE
	EndGlobalSection
	GlobalSection(ExtensibilityGlobals) = postSolution
		SolutionGuid = {3642B3C6-3610-475C-B3E0-2806986F53FB}
	EndGlobalSection
EndGlobal
